
Microsoft Visual Studio Solution File, Format Version 12.00
# Visual Studio Version 16
VisualStudioVersion = 16.0.31702.278
MinimumVisualStudioVersion = 10.0.40219.1
Project("{888888A0-9F3D-457C-B088-3A5042F75D52}") = "program_socket", "socket\program_socket.pyproj", "{213372FD-D418-4095-AA0E-D7D2286222B7}"
EndProject
Global
	GlobalSection(SolutionConfigurationPlatforms) = preSolution
		Debug|Any CPU = Debug|Any CPU
		Release|Any CPU = Release|Any CPU
	EndGlobalSection
	GlobalSection(ProjectConfigurationPlatforms) = postSolution
		{213372FD-D418-4095-AA0E-D7D2286222B7}.Debug|Any CPU.ActiveCfg = Debug|Any CPU
		{213372FD-D418-4095-AA0E-D7D2286222B7}.Release|Any CPU.ActiveCfg = Release|Any CPU
	EndGlobalSection
	GlobalSection(SolutionProperties) = preSolution
		HideSolutionNode = FALSE
	EndGlobalSection
	GlobalSection(ExtensibilityGlobals) = postSolution
		SolutionGuid = {A7EC8E75-4AEE-4ECE-81A7-4790ED0830B1}
	EndGlobalSection
EndGlobal
